
Microsoft Visual Studio Solution File, Format Version 12.00
# Visual Studio Version 17
VisualStudioVersion = 17.4.33103.184
MinimumVisualStudioVersion = 10.0.40219.1
Project("{FAE04EC0-301F-11D3-BF4B-00C04F79EFBC}") = "WpfBarsTabsControlsApp", "WpfBarsTabsControlsApp\WpfBarsTabsControlsApp.csproj", "{1E5229A7-13FA-472A-978A-40930866168F}"
EndProject
Global
	GlobalSection(SolutionConfigurationPlatforms) = preSolution
		Debug|Any CPU = Debug|Any CPU
		Release|Any CPU = Release|Any CPU
	EndGlobalSection
	GlobalSection(ProjectConfigurationPlatforms) = postSolution
		{1E5229A7-13FA-472A-978A-40930866168F}.Debug|Any CPU.ActiveCfg = Debug|Any CPU
		{1E5229A7-13FA-472A-978A-40930866168F}.Debug|Any CPU.Build.0 = Debug|Any CPU
		{1E5229A7-13FA-472A-978A-40930866168F}.Release|Any CPU.ActiveCfg = Release|Any CPU
		{1E5229A7-13FA-472A-978A-40930866168F}.Release|Any CPU.Build.0 = Release|Any CPU
	EndGlobalSection
	GlobalSection(SolutionProperties) = preSolution
		HideSolutionNode = FALSE
	EndGlobalSection
	GlobalSection(ExtensibilityGlobals) = postSolution
		SolutionGuid = {86937B27-06C4-4D52-93D5-4CE7CD6D3DF5}
	EndGlobalSection
EndGlobal
